{
  "lockfileVersion": 1,
  "configVersion": 1,
  "workspaces": {
    "": {
      "dependencies": {
        "@isolated-vm/experimental": "^0.0.12",
        "@types/bun": "^1.4.0",
        "surrealdb": "^2.0.8",
      },
      "devDependencies": {
        "@types/bun": "latest",
      },
      "peerDependencies": {
        "typescript": "^5",
      },
    },
  },
  "packages": {
    "@isolated-vm/experimental": ["@isolated-vm/experimental@0.0.12", "", { "dependencies": { "tslib": "^2.7.0" }, "optionalDependencies": { "@isolated-vm/experimental-darwin-arm64": "0.0.12", "@isolated-vm/experimental-darwin-x64": "0.0.12", "@isolated-vm/experimental-linux-arm64-gnu": "0.0.12", "@isolated-vm/experimental-linux-arm64-musl": "0.0.12", "@isolated-vm/experimental-linux-x64-gnu": "0.0.12", "@isolated-vm/experimental-linux-x64-musl": "0.0.12", "@isolated-vm/experimental-win32-x64": "0.0.12" } }, "sha512-smxaFkvBE5SKBfO5OZQXATTBj0066DdAKcSdxvZFcBury7Vwi+FC2pYkg+bkelrEzU8FttUBEbau0lzxWprAlw=="],

    "@isolated-vm/experimental-darwin-arm64": ["@isolated-vm/experimental-darwin-arm64@0.0.12", "", { "os": "darwin", "cpu": "arm64" }, "sha512-rC+rC4KeQU6HeFCNzMFQRY1k7uY64whQjCVMQwLUpLrStQkuQxf7WCVzofaWylXqSZRwRMl6/jw719r34jrmiA=="],

    "@isolated-vm/experimental-darwin-x64": ["@isolated-vm/experimental-darwin-x64@0.0.12", "", { "os": "darwin", "cpu": "x64" }, "sha512-bohLvdEkn41E4/vpE/1xf1lS/ofDlC6KzethI5l7QiCjshmMpk17qxlbOpMktbimdjZMbaKzbg8oeW66gqYgqA=="],

    "@isolated-vm/experimental-linux-arm64-gnu": ["@isolated-vm/experimental-linux-arm64-gnu@0.0.12", "", { "os": "linux", "cpu": "arm64" }, "sha512-SJH1n+F0CxyJ9q05aGgbejYjetpsRIkrePTH73EBuiURP7MBpijQnif7tGwcDLWfglq7PLq+VmMHKNU4QuY5+g=="],

    "@isolated-vm/experimental-linux-arm64-musl": ["@isolated-vm/experimental-linux-arm64-musl@0.0.12", "", { "os": "linux", "cpu": "arm64" }, "sha512-qG2Pw4Vh0XCuRvVhk+dNuTGsnujW1ygKg4UjfzeoJT4r8Jvy2g0WKE/sGY+W+Svf96Y98OOb4HTAnxvK2+9+NQ=="],

    "@isolated-vm/experimental-linux-x64-gnu": ["@isolated-vm/experimental-linux-x64-gnu@0.0.12", "", { "os": "linux", "cpu": "x64" }, "sha512-xh3S2x3vtYW6S9qZgodNTZcXv1hyG5hdjDxJ9ivBkX/ZvJOyL3/NPTF1+SkJiA8ZP7doczOgVwzQP+wNZeuAtg=="],

    "@isolated-vm/experimental-linux-x64-musl": ["@isolated-vm/experimental-linux-x64-musl@0.0.12", "", { "os": "linux", "cpu": "x64" }, "sha512-mHypkTx4sV8TRKmrY04w73apH2jj3nZn8rB77kCn+Ihg0DZwpZ/bocOZEn8bC3pIHuh/g4rBlY0xjRysdiUvAA=="],

    "@isolated-vm/experimental-win32-x64": ["@isolated-vm/experimental-win32-x64@0.0.12", "", { "os": "win32", "cpu": "x64" }, "sha512-WeLJlV7SoFH0JXfWGv1EqcyL/80Nrk/QitNkeddsyChjdR7h0mxaGn3oFyI1ta9tnu2hhdYflUW6Kh5gteVWpA=="],

    "@surrealdb/cbor": ["@surrealdb/cbor@2.0.0-alpha.4", "", {}, "sha512-l/hNZ3ZCOJq8rzwx1y5ZV/8b2bYCWdhGqRVY33Pu50NAHyAW5qLsMn3ZBkZow77mAKwNCsbDsRGnyYEuU95mjw=="],

    "@surrealdb/sqon": ["@surrealdb/sqon@0.1.0", "", { "dependencies": { "@surrealdb/cbor": "2.0.0-alpha.4", "uuidv7": "^1.0.1" }, "peerDependencies": { "tslib": "^2.6.3", "typescript": "^5.0.0" } }, "sha512-pooKLZ0W6mN8XHzJQavGOdfZOZksycmIjhwFwvG0kdCAt4I5U6KKPHcXQwFkTDNKFKFKdufczLRnzHapPIslQw=="],

    "@types/bun": ["@types/bun@1.4.0", "", { "dependencies": { "bun-types": "1.4.0" } }, "sha512-K+lZULY23vRgK/CfTjFIV+tyifaNdSMlPh9j+6mQ/cLfpOznLyAuzgV/JQysyECpkBQLVMSyvjlr2fBUSA9wFQ=="],

    "@types/node": ["@types/node@26.2.0", "", { "dependencies": { "undici-types": "~8.3.0" } }, "sha512-5IviulTZeRNp2vAJ514cc/HUlY5nZ9fCbq9DMyC52BrhFZACo3nI0R7qBxhQmo/d27NFe96ur/b7Wwxklda+kg=="],

    "bun-types": ["bun-types@1.4.0", "", { "dependencies": { "@types/node": "*" } }, "sha512-iIKw23BspnQQYd3prITOBxeUsxBHnwzX6YJfGMuNOZzeNcMmVqzIIVGRm1l69ogaPQmb4wB6BN8mA5bE9YuC5Q=="],

    "surrealdb": ["surrealdb@2.0.8", "", { "dependencies": { "@surrealdb/sqon": "0.1.0" }, "peerDependencies": { "tslib": "^2.6.3", "typescript": "^5.0.0 || ^6.0.0" } }, "sha512-nkoTAdnfJYc0EvB2Hut0MET/UiWTOT6+TJODoubHzoC952gJvjEbHMx5TLrecUYo1vIN3/qBgwMIcLKK0WC7zQ=="],

    "tslib": ["tslib@2.8.1", "", {}, "sha512-oJFu94HQb+KVduSUQL7wnpmqnfmLsOA/nAh6b6EH0wCEoK0/mPeXU6c3wKDV83MkOuHPRHtSXKKU99IBazS/2w=="],

    "typescript": ["typescript@6.0.3", "", { "bin": { "tsc": "bin/tsc", "tsserver": "bin/tsserver" } }, "sha512-y2TvuxSZPDyQakkFRPZHKFm+KKVqIisdg9/CZwm9ftvKXLP8NRWj38/ODjNbr43SsoXqNuAisEf1GdCxqWcdBw=="],

    "undici-types": ["undici-types@8.3.0", "", {}, "sha512-j375ScV60dom+YkPFIfTLcOiPxkN/buHz5GobjLhixFuANaNs3C9l4GmrWqejgXWJ7BbJcFYpTEUkS1Ge8bpZQ=="],

    "uuidv7": ["uuidv7@1.2.1", "", { "bin": { "uuidv7": "cli.js" } }, "sha512-4kPkK3/XTQW9Hbm4CaqfICn+kY9LJtDVEOfgsRRra/+n2Ofg4NqzRFceAkxvQ/Ud/6BpHOPzj8cirqM7TzTN5Q=="],
  }
}
