{
  "lockfileVersion": 1,
  "configVersion": 1,
  "workspaces": {
    "": {
      "dependencies": {
        "@jitl/quickjs-ng-wasmfile-release-sync": "^0.32.0",
        "@sebastianwessel/quickjs": "npm:@jsr/sebastianwessel__quickjs@^3.1.0",
        "surrealdb": "^2.0.8",
      },
      "devDependencies": {
        "@types/bun": "latest",
      },
      "peerDependencies": {
        "typescript": "^5",
      },
    },
  },
  "packages": {
    "@jitl/quickjs-ffi-types": ["@jitl/quickjs-ffi-types@0.32.0", "", {}, "sha512-v9T+GQpmk43VDJ7d72sf0Nexhk+ArvtUihW27dy7lqAl0zBObFKtSBBIm5RBjwIhE8VwsPPm9PNuvPvNqLWUEg=="],

    "@jitl/quickjs-ng-wasmfile-release-sync": ["@jitl/quickjs-ng-wasmfile-release-sync@0.32.0", "", { "dependencies": { "@jitl/quickjs-ffi-types": "0.32.0" } }, "sha512-XAX2jjZWWh3M0YaRqi82xMKNW/gkF6mo3MpW3UY2cmVxnQai1JuboVsJQVoLU629iEL4XWvHtO4h5lo7NRnAcg=="],

    "@jsonjoy.com/base64": ["@jsonjoy.com/base64@1.1.2", "", { "peerDependencies": { "tslib": "2" } }, "sha512-q6XAnWQDIMA3+FTiOYajoYqySkO+JSat0ytXGSuRdq9uXE7o92gzuQwQM14xaCRlBLGq3v5miDGC4vkVTn54xA=="],

    "@jsonjoy.com/buffers": ["@jsonjoy.com/buffers@17.67.0", "", { "peerDependencies": { "tslib": "2" } }, "sha512-tfExRpYxBvi32vPs9ZHaTjSP4fHAfzSmcahOfNxtvGHcyJel+aibkPlGeBB+7AoC6hL7lXIE++8okecBxx7lcw=="],

    "@jsonjoy.com/codegen": ["@jsonjoy.com/codegen@1.0.0", "", { "peerDependencies": { "tslib": "2" } }, "sha512-E8Oy+08cmCf0EK/NMxpaJZmOxPqM+6iSe2S4nlSBrPZOORoDJILxtbSUEDKQyTamm/BVAhIGllOBNU79/dwf0g=="],

    "@jsonjoy.com/fs-core": ["@jsonjoy.com/fs-core@4.68.1", "", { "dependencies": { "@jsonjoy.com/fs-node-builtins": "4.68.1", "@jsonjoy.com/fs-node-utils": "4.68.1", "thingies": "^2.5.0" }, "peerDependencies": { "tslib": "2" } }, "sha512-V5oZ4Gt9WJKyQef0n9cAd0N9qjSkIBm3E4MYsgNIWBk5aINCDPKxMPo1i29rBxqiT4Ixf1epklqV9VJMKIxwlw=="],

    "@jsonjoy.com/fs-fsa": ["@jsonjoy.com/fs-fsa@4.68.1", "", { "dependencies": { "@jsonjoy.com/fs-core": "4.68.1", "@jsonjoy.com/fs-node-builtins": "4.68.1", "@jsonjoy.com/fs-node-utils": "4.68.1", "thingies": "^2.5.0" }, "peerDependencies": { "tslib": "2" } }, "sha512-HCG72UioncuO7Gw09XNVG+S85e3cq2hrUC/mexBrsWsa3mI7eePkkqWie3uVYbtsb64OR9YGQs5SqaufDRYBcg=="],

    "@jsonjoy.com/fs-node": ["@jsonjoy.com/fs-node@4.68.1", "", { "dependencies": { "@jsonjoy.com/fs-core": "4.68.1", "@jsonjoy.com/fs-node-builtins": "4.68.1", "@jsonjoy.com/fs-node-utils": "4.68.1", "@jsonjoy.com/fs-print": "4.68.1", "@jsonjoy.com/fs-snapshot": "4.68.1", "glob-to-regex.js": "^1.0.0", "thingies": "^2.5.0" }, "peerDependencies": { "tslib": "2" } }, "sha512-R5D9mWtqdURzcOWj1vdXr3APCwX0xchtFT+kmW7fXLNDifWdDrnh26jSID8pdnUfFBxTyfHtFtTL/NWKzIH7kQ=="],

    "@jsonjoy.com/fs-node-builtins": ["@jsonjoy.com/fs-node-builtins@4.68.1", "", { "peerDependencies": { "tslib": "2" } }, "sha512-HK1BTksysokNZxNspqDH0yPaqN9YgR/AYIlYiIaU2Ys4BOk5CdybI7r6BgiZuiiPiV8n4sK/kZdice7Znpy2Kw=="],

    "@jsonjoy.com/fs-node-to-fsa": ["@jsonjoy.com/fs-node-to-fsa@4.68.1", "", { "dependencies": { "@jsonjoy.com/fs-fsa": "4.68.1", "@jsonjoy.com/fs-node-builtins": "4.68.1", "@jsonjoy.com/fs-node-utils": "4.68.1" }, "peerDependencies": { "tslib": "2" } }, "sha512-lpKmU4X9e/oh8GIuAI7EXaS5QiLNM3KD15CkdhfS6PYmrGvoJqKQcyEfnLgnnaGslh/PFUMYSIZBCf2ejJGw8g=="],

    "@jsonjoy.com/fs-node-utils": ["@jsonjoy.com/fs-node-utils@4.68.1", "", { "dependencies": { "@jsonjoy.com/fs-node-builtins": "4.68.1", "glob-to-regex.js": "^1.0.1" }, "peerDependencies": { "tslib": "2" } }, "sha512-/GxfW1DWm9SCdkfbvqevLO/P5duobQfmKkHXxdMIDbcZMQeAgooAstIfZhkXpATzq9QbCQsnoWFM/dGHdZfndw=="],

    "@jsonjoy.com/fs-print": ["@jsonjoy.com/fs-print@4.68.1", "", { "dependencies": { "@jsonjoy.com/fs-node-utils": "4.68.1", "tree-dump": "^1.1.0" }, "peerDependencies": { "tslib": "2" } }, "sha512-oGeZOGPYKK9v1CgeVeEDsLomH1lCnslSpqUN5GmPzrmAVGQlsmsdcXNA2O4lV8Y4xkuSuynx2ITBkUHJVaTbow=="],

    "@jsonjoy.com/fs-snapshot": ["@jsonjoy.com/fs-snapshot@4.68.1", "", { "dependencies": { "@jsonjoy.com/buffers": "^17.65.0", "@jsonjoy.com/fs-node-utils": "4.68.1", "@jsonjoy.com/json-pack": "^17.65.0", "@jsonjoy.com/util": "^17.65.0" }, "peerDependencies": { "tslib": "2" } }, "sha512-XZfP0FDZN32bbc4t2bZN2qRrYHg5AktJnzk22HRoKGK4BprrbNRH2k5ceSNS/kupKYcofCs+O841+xaAbjnxwQ=="],

    "@jsonjoy.com/json-pack": ["@jsonjoy.com/json-pack@1.21.0", "", { "dependencies": { "@jsonjoy.com/base64": "^1.1.2", "@jsonjoy.com/buffers": "^1.2.0", "@jsonjoy.com/codegen": "^1.0.0", "@jsonjoy.com/json-pointer": "^1.0.2", "@jsonjoy.com/util": "^1.9.0", "hyperdyperid": "^1.2.0", "thingies": "^2.5.0", "tree-dump": "^1.1.0" }, "peerDependencies": { "tslib": "2" } }, "sha512-+AKG+R2cfZMShzrF2uQw34v3zbeDYUqnQ+jg7ORic3BGtfw9p/+N6RJbq/kkV8JmYZaINknaEQ2m0/f693ZPpg=="],

    "@jsonjoy.com/json-pointer": ["@jsonjoy.com/json-pointer@1.0.2", "", { "dependencies": { "@jsonjoy.com/codegen": "^1.0.0", "@jsonjoy.com/util": "^1.9.0" }, "peerDependencies": { "tslib": "2" } }, "sha512-Fsn6wM2zlDzY1U+v4Nc8bo3bVqgfNTGcn6dMgs6FjrEnt4ZCe60o6ByKRjOGlI2gow0aE/Q41QOigdTqkyK5fg=="],

    "@jsonjoy.com/util": ["@jsonjoy.com/util@1.9.0", "", { "dependencies": { "@jsonjoy.com/buffers": "^1.0.0", "@jsonjoy.com/codegen": "^1.0.0" }, "peerDependencies": { "tslib": "2" } }, "sha512-pLuQo+VPRnN8hfPqUTLTHk126wuYdXVxE6aDmjSeV4NCAgyxWbiOIeNJVtID3h1Vzpoi9m4jXezf73I6LgabgQ=="],

    "@sebastianwessel/quickjs": ["@jsr/sebastianwessel__quickjs@3.1.0", "https://npm.jsr.io/~/11/@jsr/sebastianwessel__quickjs/3.1.0.tgz", { "dependencies": { "memfs": "^4.57.6", "quickjs-emscripten-core": "^0.32.0", "rate-limiter-flexible": "^11.1.1" } }, "sha512-wwc/O5PR1hCVh7WnuCRti8Ou+iVK/kub+nPi5efcS0c8ovMFFvmU9MUQmej5GaGcb8Of/xm+XiLVqr5CVOPGdg=="],

    "@surrealdb/cbor": ["@surrealdb/cbor@2.0.0-alpha.4", "", {}, "sha512-l/hNZ3ZCOJq8rzwx1y5ZV/8b2bYCWdhGqRVY33Pu50NAHyAW5qLsMn3ZBkZow77mAKwNCsbDsRGnyYEuU95mjw=="],

    "@surrealdb/sqon": ["@surrealdb/sqon@0.1.0", "", { "dependencies": { "@surrealdb/cbor": "2.0.0-alpha.4", "uuidv7": "^1.0.1" }, "peerDependencies": { "tslib": "^2.6.3", "typescript": "^5.0.0" } }, "sha512-pooKLZ0W6mN8XHzJQavGOdfZOZksycmIjhwFwvG0kdCAt4I5U6KKPHcXQwFkTDNKFKFKdufczLRnzHapPIslQw=="],

    "@types/bun": ["@types/bun@1.4.0", "", { "dependencies": { "bun-types": "1.4.0" } }, "sha512-K+lZULY23vRgK/CfTjFIV+tyifaNdSMlPh9j+6mQ/cLfpOznLyAuzgV/JQysyECpkBQLVMSyvjlr2fBUSA9wFQ=="],

    "@types/node": ["@types/node@26.2.0", "", { "dependencies": { "undici-types": "~8.3.0" } }, "sha512-5IviulTZeRNp2vAJ514cc/HUlY5nZ9fCbq9DMyC52BrhFZACo3nI0R7qBxhQmo/d27NFe96ur/b7Wwxklda+kg=="],

    "bun-types": ["bun-types@1.4.0", "", { "dependencies": { "@types/node": "*" } }, "sha512-iIKw23BspnQQYd3prITOBxeUsxBHnwzX6YJfGMuNOZzeNcMmVqzIIVGRm1l69ogaPQmb4wB6BN8mA5bE9YuC5Q=="],

    "glob-to-regex.js": ["glob-to-regex.js@1.2.0", "", { "peerDependencies": { "tslib": "2" } }, "sha512-QMwlOQKU/IzqMUOAZWubUOT8Qft+Y0KQWnX9nK3ch0CJg0tTp4TvGZsTfudYKv2NzoQSyPcnA6TYeIQ3jGichQ=="],

    "hyperdyperid": ["hyperdyperid@1.2.0", "", {}, "sha512-Y93lCzHYgGWdrJ66yIktxiaGULYc6oGiABxhcO5AufBeOyoIdZF7bIfLaOrbM0iGIOXQQgxxRrFEnb+Y6w1n4A=="],

    "memfs": ["memfs@4.68.1", "", { "dependencies": { "@jsonjoy.com/fs-core": "4.68.1", "@jsonjoy.com/fs-fsa": "4.68.1", "@jsonjoy.com/fs-node": "4.68.1", "@jsonjoy.com/fs-node-builtins": "4.68.1", "@jsonjoy.com/fs-node-to-fsa": "4.68.1", "@jsonjoy.com/fs-node-utils": "4.68.1", "@jsonjoy.com/fs-print": "4.68.1", "@jsonjoy.com/fs-snapshot": "4.68.1", "@jsonjoy.com/json-pack": "^1.11.0", "@jsonjoy.com/util": "^1.9.0", "glob-to-regex.js": "^1.0.1", "thingies": "^2.5.0", "tree-dump": "^1.0.3", "tslib": "^2.0.0" } }, "sha512-OD+IDRUvIxu3QHL+nFm9gdyugInD27FDJ+sl4B5QgomPHXMlbw+GP918P8VNKu2FkNlVeqBkpzkwROpamVifRw=="],

    "quickjs-emscripten-core": ["quickjs-emscripten-core@0.32.0", "", { "dependencies": { "@jitl/quickjs-ffi-types": "0.32.0" } }, "sha512-QFnPfjFey8EqknSrSxe1hZrf1/8z7/6s1QzGOmKo6++02r7QRRX7ZoyNaZh7JuVjWsVW87KnQrbZqnHkOAzUyg=="],

    "rate-limiter-flexible": ["rate-limiter-flexible@11.2.0", "", {}, "sha512-L0eIK+BmFMi6NcvmtEg7RSswOFKi9MMD5RhBIypFfOve+G6Jl1Xbb8qEHgK3uRzNtkOFYF0L9f7P4rSf2PnUVw=="],

    "surrealdb": ["surrealdb@2.0.8", "", { "dependencies": { "@surrealdb/sqon": "0.1.0" }, "peerDependencies": { "tslib": "^2.6.3", "typescript": "^5.0.0 || ^6.0.0" } }, "sha512-nkoTAdnfJYc0EvB2Hut0MET/UiWTOT6+TJODoubHzoC952gJvjEbHMx5TLrecUYo1vIN3/qBgwMIcLKK0WC7zQ=="],

    "thingies": ["thingies@2.6.1", "", { "peerDependencies": { "tslib": "^2" } }, "sha512-cV/CMGTK3M4MlnJ/0At6ismOw/A0EEniDNScajjz/Br3c1sqE72YD01rGpPTKwd27wAxI5Pr+6+0w8yofzFRYw=="],

    "tree-dump": ["tree-dump@1.1.0", "", { "peerDependencies": { "tslib": "2" } }, "sha512-rMuvhU4MCDbcbnleZTFezWsaZXRFemSqAM+7jPnzUl1fo9w3YEKOxAeui0fz3OI4EU4hf23iyA7uQRVko+UaBA=="],

    "tslib": ["tslib@2.8.1", "", {}, "sha512-oJFu94HQb+KVduSUQL7wnpmqnfmLsOA/nAh6b6EH0wCEoK0/mPeXU6c3wKDV83MkOuHPRHtSXKKU99IBazS/2w=="],

    "typescript": ["typescript@6.0.3", "", { "bin": { "tsc": "bin/tsc", "tsserver": "bin/tsserver" } }, "sha512-y2TvuxSZPDyQakkFRPZHKFm+KKVqIisdg9/CZwm9ftvKXLP8NRWj38/ODjNbr43SsoXqNuAisEf1GdCxqWcdBw=="],

    "undici-types": ["undici-types@8.3.0", "", {}, "sha512-j375ScV60dom+YkPFIfTLcOiPxkN/buHz5GobjLhixFuANaNs3C9l4GmrWqejgXWJ7BbJcFYpTEUkS1Ge8bpZQ=="],

    "uuidv7": ["uuidv7@1.2.1", "", { "bin": { "uuidv7": "cli.js" } }, "sha512-4kPkK3/XTQW9Hbm4CaqfICn+kY9LJtDVEOfgsRRra/+n2Ofg4NqzRFceAkxvQ/Ud/6BpHOPzj8cirqM7TzTN5Q=="],

    "@jsonjoy.com/fs-snapshot/@jsonjoy.com/json-pack": ["@jsonjoy.com/json-pack@17.67.0", "", { "dependencies": { "@jsonjoy.com/base64": "17.67.0", "@jsonjoy.com/buffers": "17.67.0", "@jsonjoy.com/codegen": "17.67.0", "@jsonjoy.com/json-pointer": "17.67.0", "@jsonjoy.com/util": "17.67.0", "hyperdyperid": "^1.2.0", "thingies": "^2.5.0", "tree-dump": "^1.1.0" }, "peerDependencies": { "tslib": "2" } }, "sha512-t0ejURcGaZsn1ClbJ/3kFqSOjlryd92eQY465IYrezsXmPcfHPE/av4twRSxf6WE+TkZgLY+71vCZbiIiFKA/w=="],

    "@jsonjoy.com/fs-snapshot/@jsonjoy.com/util": ["@jsonjoy.com/util@17.67.0", "", { "dependencies": { "@jsonjoy.com/buffers": "17.67.0", "@jsonjoy.com/codegen": "17.67.0" }, "peerDependencies": { "tslib": "2" } }, "sha512-6+8xBaz1rLSohlGh68D1pdw3AwDi9xydm8QNlAFkvnavCJYSze+pxoW2VKP8p308jtlMRLs5NTHfPlZLd4w7ew=="],

    "@jsonjoy.com/json-pack/@jsonjoy.com/buffers": ["@jsonjoy.com/buffers@1.2.1", "", { "peerDependencies": { "tslib": "2" } }, "sha512-12cdlDwX4RUM3QxmUbVJWqZ/mrK6dFQH4Zxq6+r1YXKXYBNgZXndx2qbCJwh3+WWkCSn67IjnlG3XYTvmvYtgA=="],

    "@jsonjoy.com/util/@jsonjoy.com/buffers": ["@jsonjoy.com/buffers@1.2.1", "", { "peerDependencies": { "tslib": "2" } }, "sha512-12cdlDwX4RUM3QxmUbVJWqZ/mrK6dFQH4Zxq6+r1YXKXYBNgZXndx2qbCJwh3+WWkCSn67IjnlG3XYTvmvYtgA=="],

    "@jsonjoy.com/fs-snapshot/@jsonjoy.com/json-pack/@jsonjoy.com/base64": ["@jsonjoy.com/base64@17.67.0", "", { "peerDependencies": { "tslib": "2" } }, "sha512-5SEsJGsm15aP8TQGkDfJvz9axgPwAEm98S5DxOuYe8e1EbfajcDmgeXXzccEjh+mLnjqEKrkBdjHWS5vFNwDdw=="],

    "@jsonjoy.com/fs-snapshot/@jsonjoy.com/json-pack/@jsonjoy.com/codegen": ["@jsonjoy.com/codegen@17.67.0", "", { "peerDependencies": { "tslib": "2" } }, "sha512-idnkUplROpdBOV0HMcwhsCUS5TRUi9poagdGs70A6S4ux9+/aPuKbh8+UYRTLYQHtXvAdNfQWXDqZEx5k4Dj2Q=="],

    "@jsonjoy.com/fs-snapshot/@jsonjoy.com/json-pack/@jsonjoy.com/json-pointer": ["@jsonjoy.com/json-pointer@17.67.0", "", { "dependencies": { "@jsonjoy.com/util": "17.67.0" }, "peerDependencies": { "tslib": "2" } }, "sha512-+iqOFInH+QZGmSuaybBUNdh7yvNrXvqR+h3wjXm0N/3JK1EyyFAeGJvqnmQL61d1ARLlk/wJdFKSL+LHJ1eaUA=="],

    "@jsonjoy.com/fs-snapshot/@jsonjoy.com/util/@jsonjoy.com/codegen": ["@jsonjoy.com/codegen@17.67.0", "", { "peerDependencies": { "tslib": "2" } }, "sha512-idnkUplROpdBOV0HMcwhsCUS5TRUi9poagdGs70A6S4ux9+/aPuKbh8+UYRTLYQHtXvAdNfQWXDqZEx5k4Dj2Q=="],
  }
}
